
Microsoft Visual Studio Solution File, Format Version 12.00
# Visual Studio 14
VisualStudioVersion = 14.0.25420.1
MinimumVisualStudioVersion = 10.0.40219.1
Project("{FAE04EC0-301F-11D3-BF4B-00C04F79EFBC}") = "PICTOCAM_WEB", "PICTOCAM_WEB\PICTOCAM_WEB.csproj", "{52935712-F2A7-4DA8-8966-BDDE55A2BD11}"
EndProject
Project("{FAE04EC0-301F-11D3-BF4B-00C04F79EFBC}") = "PICTOCAM_SERVICE", "PICTOCAM_SERVICE\PICTOCAM_SERVICE.csproj", "{4B2B920C-CE5A-49D1-B432-F3F1E045A41F}"
EndProject
Global
	GlobalSection(SolutionConfigurationPlatforms) = preSolution
		Debug|Any CPU = Debug|Any CPU
		Release|Any CPU = Release|Any CPU
	EndGlobalSection
	GlobalSection(ProjectConfigurationPlatforms) = postSolution
		{52935712-F2A7-4DA8-8966-BDDE55A2BD11}.Debug|Any CPU.ActiveCfg = Debug|Any CPU
		{52935712-F2A7-4DA8-8966-BDDE55A2BD11}.Debug|Any CPU.Build.0 = Debug|Any CPU
		{52935712-F2A7-4DA8-8966-BDDE55A2BD11}.Release|Any CPU.ActiveCfg = Release|Any CPU
		{52935712-F2A7-4DA8-8966-BDDE55A2BD11}.Release|Any CPU.Build.0 = Release|Any CPU
		{4B2B920C-CE5A-49D1-B432-F3F1E045A41F}.Debug|Any CPU.ActiveCfg = Debug|Any CPU
		{4B2B920C-CE5A-49D1-B432-F3F1E045A41F}.Debug|Any CPU.Build.0 = Debug|Any CPU
		{4B2B920C-CE5A-49D1-B432-F3F1E045A41F}.Release|Any CPU.ActiveCfg = Release|Any CPU
		{4B2B920C-CE5A-49D1-B432-F3F1E045A41F}.Release|Any CPU.Build.0 = Release|Any CPU
	EndGlobalSection
	GlobalSection(SolutionProperties) = preSolution
		HideSolutionNode = FALSE
	EndGlobalSection
EndGlobal
